Microsoft Visual Studio Solution File, Format Version 12.00
# Visual Studio Version 17
VisualStudioVersion = 17.5.2.0
MinimumVisualStudioVersion = 10.0.40219.1
Project("{FAE04EC0-301F-11D3-BF4B-00C04F79EFBC}") = "HotelBookingEngine", "HotelBookingEngine.csproj", "{2E4E5D7F-100D-96FB-B272-9529DC262F5D}"
EndProject
Global
	GlobalSection(SolutionConfigurationPlatforms) = preSolution
		Debug|Any CPU = Debug|Any CPU
		Release|Any CPU = Release|Any CPU
	EndGlobalSection
	GlobalSection(ProjectConfigurationPlatforms) = postSolution
		{2E4E5D7F-100D-96FB-B272-9529DC262F5D}.Debug|Any CPU.ActiveCfg = Debug|Any CPU
		{2E4E5D7F-100D-96FB-B272-9529DC262F5D}.Debug|Any CPU.Build.0 = Debug|Any CPU
		{2E4E5D7F-100D-96FB-B272-9529DC262F5D}.Release|Any CPU.ActiveCfg = Release|Any CPU
		{2E4E5D7F-100D-96FB-B272-9529DC262F5D}.Release|Any CPU.Build.0 = Release|Any CPU
	EndGlobalSection
	GlobalSection(SolutionProperties) = preSolution
		HideSolutionNode = FALSE
	EndGlobalSection
	GlobalSection(ExtensibilityGlobals) = postSolution
		SolutionGuid = {2707A534-633D-454D-BA37-09FB27193A61}
	EndGlobalSection
EndGlobal
